Microsoft Visual Studio Solution File, Format Version 11.00
# Visual Studio 2008

Project("{17F61289-80E1-78D1-23D5-83E905515514}") = "TestFighter", "Assembly-CSharp-firstpass-vs.csproj", "{A0E4A58D-DCD1-27EE-891F-521BD3F2D786}"
EndProject
Project("{17F61289-80E1-78D1-23D5-83E905515514}") = "TestFighter", "Assembly-CSharp-vs.csproj", "{FE2C4B35-0DEF-2570-0C31-8DA1146881EB}"
EndProject
Global
	GlobalSection(SolutionConfigurationPlatforms) = preSolution
		Debug|Any CPU = Debug|Any CPU
		Release|Any CPU = Release|Any CPU
	EndGlobalSection
	GlobalSection(ProjectConfigurationPlatforms) = postSolution
		{A0E4A58D-DCD1-27EE-891F-521BD3F2D786}.Debug|Any CPU.ActiveCfg = Debug|Any CPU
		{A0E4A58D-DCD1-27EE-891F-521BD3F2D786}.Debug|Any CPU.Build.0 = Debug|Any CPU
		{A0E4A58D-DCD1-27EE-891F-521BD3F2D786}.Release|Any CPU.ActiveCfg = Release|Any CPU
		{A0E4A58D-DCD1-27EE-891F-521BD3F2D786}.Release|Any CPU.Build.0 = Release|Any CPU
		{FE2C4B35-0DEF-2570-0C31-8DA1146881EB}.Debug|Any CPU.ActiveCfg = Debug|Any CPU
		{FE2C4B35-0DEF-2570-0C31-8DA1146881EB}.Debug|Any CPU.Build.0 = Debug|Any CPU
		{FE2C4B35-0DEF-2570-0C31-8DA1146881EB}.Release|Any CPU.ActiveCfg = Release|Any CPU
		{FE2C4B35-0DEF-2570-0C31-8DA1146881EB}.Release|Any CPU.Build.0 = Release|Any CPU
	EndGlobalSection
	GlobalSection(SolutionProperties) = preSolution
		HideSolutionNode = FALSE
	EndGlobalSection
																													GlobalSection(MonoDevelopProperties) = preSolution
		StartupItem = Assembly-CSharp.csproj
		Policies = $0
		$0.TextStylePolicy = $1
		$1.inheritsSet = null
		$1.scope = text/x-csharp
		$0.CSharpFormattingPolicy = $2
		$2.inheritsSet = Mono
		$2.inheritsScope = text/x-csharp
		$2.scope = text/x-csharp
		$0.TextStylePolicy = $3
		$3.FileWidth = 120
		$3.TabWidth = 4
		$3.EolMarker = Unix
		$3.inheritsSet = Mono
		$3.inheritsScope = text/plain
		$3.scope = text/plain
	EndGlobalSection

EndGlobal
